PODS:
  - Mapbox-iOS-SDK (3.7.3)
  - MapboxDirections.swift (0.15.1):
    - Polyline (~> 4.2)
  - Polyline (4.2.0)

DEPENDENCIES:
  - Mapbox-iOS-SDK (~> 3.7)
  - MapboxDirections.swift (~> 0.10)

SPEC CHECKSUMS:
  Mapbox-iOS-SDK: 5304bd9605babe6da9050ea4cb23c1671420b737
  MapboxDirections.swift: 2ed0a698a7721b5373362b74579c7194cda12528
  Polyline: 3d69f75bb136357e27291d439d0436c6ebda57a4

PODFILE CHECKSUM: 9169d8ead9d104593d598657e583b6b63073417f

COCOAPODS: 1.2.1
