// !$*UTF8*$!
{
	archiveVersion = 1;
	classes = {
	};
	objectVersion = 46;
	objects = {

/* Begin PBXBuildFile section */
		0506EBB32005A9F1001E33F5 /* mapbox_store_locator_tests.swift in Sources */ = {isa = PBXBuildFile; fileRef = 0506EBB22005A9F1001E33F5 /* mapbox_store_locator_tests.swift */; };
		051FEA1B1F703CC10058CE04 /* stores.geojson in Resources */ = {isa = PBXBuildFile; fileRef = 051FEA1A1F702EB90058CE04 /* stores.geojson */; };
		054C046A1F68540F00F808B3 /* ThemePickerViewController.swift in Sources */ = {isa = PBXBuildFile; fileRef = 054C04691F68540F00F808B3 /* ThemePickerViewController.swift */; };
		055BEA681F69FF59009FDB7A /* ThemeViewController.swift in Sources */ = {isa = PBXBuildFile; fileRef = 055BEA671F69FF59009FDB7A /* ThemeViewController.swift */; };
		05ACD7AF1F6B5F79006C4649 /* Assets.xcassets in Resources */ = {isa = PBXBuildFile; fileRef = 05ACD7AE1F6B5F6E006C4649 /* Assets.xcassets */; };
		05C3AF741F0EAEDE00487C38 /* AppDelegate.swift in Sources */ = {isa = PBXBuildFile; fileRef = 05C3AF731F0EAEDE00487C38 /* AppDelegate.swift */; };
		05C3AF791F0EAEDE00487C38 /* Main.storyboard in Resources */ = {isa = PBXBuildFile; fileRef = 05C3AF771F0EAEDE00487C38 /* Main.storyboard */; };
		05C3AF7E1F0EAEDE00487C38 /* LaunchScreen.storyboard in Resources */ = {isa = PBXBuildFile; fileRef = 05C3AF7C1F0EAEDE00487C38 /* LaunchScreen.storyboard */; };
		3196D7773AC233E5A54760CA /* Pods_mapbox_store_locator.framework in Frameworks */ = {isa = PBXBuildFile; fileRef = 9E9A8A8A9EFD4BB0BE1583AE /* Pods_mapbox_store_locator.framework */; };
		3E0959E01F8EE66B00C091CF /* CustomItemView.xib in Resources */ = {isa = PBXBuildFile; fileRef = 3E0959DF1F8EE66B00C091CF /* CustomItemView.xib */; };
		3ED066F51F945AF400809A8F /* Themes.swift in Sources */ = {isa = PBXBuildFile; fileRef = 3ED066F41F945AF400809A8F /* Themes.swift */; };
/* End PBXBuildFile section */

/* Begin PBXContainerItemProxy section */
		0506EBB52005A9F1001E33F5 /* PBXContainerItemProxy */ = {
			isa = PBXContainerItemProxy;
			containerPortal = 05C3AF681F0EAEDE00487C38 /* Project object */;
			proxyType = 1;
			remoteGlobalIDString = 05C3AF6F1F0EAEDE00487C38;
			remoteInfo = "mapbox-store-locator";
		};
/* End PBXContainerItemProxy section */

/* Begin PBXFileReference section */
		0506EBB02005A9F1001E33F5 /* mapbox-store-locator-tests.xctest */ = {isa = PBXFileReference; explicitFileType = wrapper.cfbundle; includeInIndex = 0; path = "mapbox-store-locator-tests.xctest"; sourceTree = BUILT_PRODUCTS_DIR; };
		0506EBB22005A9F1001E33F5 /* mapbox_store_locator_tests.swift */ = {isa = PBXFileReference; lastKnownFileType = sourcecode.swift; path = mapbox_store_locator_tests.swift; sourceTree = "<group>"; };
		0506EBB42005A9F1001E33F5 /* Info.plist */ = {isa = PBXFileReference; lastKnownFileType = text.plist.xml; path = Info.plist; sourceTree = "<group>"; };
		051FEA1A1F702EB90058CE04 /* stores.geojson */ = {isa = PBXFileReference; lastKnownFileType = text; path = stores.geojson; sourceTree = "<group>"; };
		054C04691F68540F00F808B3 /* ThemePickerViewController.swift */ = {isa = PBXFileReference; lastKnownFileType = sourcecode.swift; path = ThemePickerViewController.swift; sourceTree = "<group>"; };
		055BEA671F69FF59009FDB7A /* ThemeViewController.swift */ = {isa = PBXFileReference; lastKnownFileType = sourcecode.swift; path = ThemeViewController.swift; sourceTree = "<group>"; };
		05ACD7AE1F6B5F6E006C4649 /* Assets.xcassets */ = {isa = PBXFileReference; lastKnownFileType = folder.assetcatalog; path = Assets.xcassets; sourceTree = "<group>"; };
		05C3AF701F0EAEDE00487C38 /* mapbox-store-locator.app */ = {isa = PBXFileReference; explicitFileType = wrapper.application; includeInIndex = 0; path = "mapbox-store-locator.app"; sourceTree = BUILT_PRODUCTS_DIR; };
		05C3AF731F0EAEDE00487C38 /* AppDelegate.swift */ = {isa = PBXFileReference; lastKnownFileType = sourcecode.swift; path = AppDelegate.swift; sourceTree = "<group>"; };
		05C3AF781F0EAEDE00487C38 /* Base */ = {isa = PBXFileReference; lastKnownFileType = file.storyboard; name = Base; path = Base.lproj/Main.storyboard; sourceTree = "<group>"; };
		05C3AF7D1F0EAEDE00487C38 /* Base */ = {isa = PBXFileReference; lastKnownFileType = file.storyboard; name = Base; path = Base.lproj/LaunchScreen.storyboard; sourceTree = "<group>"; };
		05C3AF7F1F0EAEDE00487C38 /* Info.plist */ = {isa = PBXFileReference; lastKnownFileType = text.plist.xml; path = Info.plist; sourceTree = "<group>"; };
		26FDC7350F42E993155275F1 /* Pods-mapbox-store-locator.release.xcconfig */ = {isa = PBXFileReference; includeInIndex = 1; lastKnownFileType = text.xcconfig; name = "Pods-mapbox-store-locator.release.xcconfig"; path = "Pods/Target Support Files/Pods-mapbox-store-locator/Pods-mapbox-store-locator.release.xcconfig"; sourceTree = "<group>"; };
		3D3800DC995FF2C533223ED2 /* Pods-mapbox-store-locator.debug.xcconfig */ = {isa = PBXFileReference; includeInIndex = 1; lastKnownFileType = text.xcconfig; name = "Pods-mapbox-store-locator.debug.xcconfig"; path = "Pods/Target Support Files/Pods-mapbox-store-locator/Pods-mapbox-store-locator.debug.xcconfig"; sourceTree = "<group>"; };
		3E0959DF1F8EE66B00C091CF /* CustomItemView.xib */ = {isa = PBXFileReference; lastKnownFileType = file.xib; path = CustomItemView.xib; sourceTree = "<group>"; };
		3ED066F41F945AF400809A8F /* Themes.swift */ = {isa = PBXFileReference; lastKnownFileType = sourcecode.swift; path = Themes.swift; sourceTree = "<group>"; };
		44CF26D8F5935AFCDEB60952 /* Pods_duplo.framework */ = {isa = PBXFileReference; explicitFileType = wrapper.framework; includeInIndex = 0; path = Pods_duplo.framework; sourceTree = BUILT_PRODUCTS_DIR; };
		4809A46BC4FF439C72568DEE /* Pods-duplo.debug.xcconfig */ = {isa = PBXFileReference; includeInIndex = 1; lastKnownFileType = text.xcconfig; name = "Pods-duplo.debug.xcconfig"; path = "Pods/Target Support Files/Pods-duplo/Pods-duplo.debug.xcconfig"; sourceTree = "<group>"; };
		8489407285016BE834F0A3EE /* Pods-duplo.release.xcconfig */ = {isa = PBXFileReference; includeInIndex = 1; lastKnownFileType = text.xcconfig; name = "Pods-duplo.release.xcconfig"; path = "Pods/Target Support Files/Pods-duplo/Pods-duplo.release.xcconfig"; sourceTree = "<group>"; };
		9E9A8A8A9EFD4BB0BE1583AE /* Pods_mapbox_store_locator.framework */ = {isa = PBXFileReference; explicitFileType = wrapper.framework; includeInIndex = 0; path = Pods_mapbox_store_locator.framework; sourceTree = BUILT_PRODUCTS_DIR; };
/* End PBXFileReference section */

/* Begin PBXFrameworksBuildPhase section */
		0506EBAD2005A9F1001E33F5 /* Frameworks */ = {
			isa = PBXFrameworksBuildPhase;
			buildActionMask = 2147483647;
			files = (
			);
			runOnlyForDeploymentPostprocessing = 0;
		};
		05C3AF6D1F0EAEDE00487C38 /* Frameworks */ = {
			isa = PBXFrameworksBuildPhase;
			buildActionMask = 2147483647;
			files = (
				3196D7773AC233E5A54760CA /* Pods_mapbox_store_locator.framework in Frameworks */,
			);
			runOnlyForDeploymentPostprocessing = 0;
		};
/* End PBXFrameworksBuildPhase section */

/* Begin PBXGroup section */
		0506EBB12005A9F1001E33F5 /* mapbox-store-locator-tests */ = {
			isa = PBXGroup;
			children = (
				0506EBB22005A9F1001E33F5 /* mapbox_store_locator_tests.swift */,
				0506EBB42005A9F1001E33F5 /* Info.plist */,
			);
			path = "mapbox-store-locator-tests";
			sourceTree = "<group>";
		};
		05C3AF671F0EAEDE00487C38 = {
			isa = PBXGroup;
			children = (
				05C3AF721F0EAEDE00487C38 /* mapbox-store-locator */,
				0506EBB12005A9F1001E33F5 /* mapbox-store-locator-tests */,
				05C3AF711F0EAEDE00487C38 /* Products */,
				C685C8389F3A3D722EAF16C4 /* Pods */,
				551AFFD6D3983E5AA124B23E /* Frameworks */,
			);
			sourceTree = "<group>";
		};
		05C3AF711F0EAEDE00487C38 /* Products */ = {
			isa = PBXGroup;
			children = (
				05C3AF701F0EAEDE00487C38 /* mapbox-store-locator.app */,
				0506EBB02005A9F1001E33F5 /* mapbox-store-locator-tests.xctest */,
			);
			name = Products;
			sourceTree = "<group>";
		};
		05C3AF721F0EAEDE00487C38 /* mapbox-store-locator */ = {
			isa = PBXGroup;
			children = (
				05ACD7AE1F6B5F6E006C4649 /* Assets.xcassets */,
				05C3AF731F0EAEDE00487C38 /* AppDelegate.swift */,
				05C3AF771F0EAEDE00487C38 /* Main.storyboard */,
				3E0959DF1F8EE66B00C091CF /* CustomItemView.xib */,
				05C3AF7C1F0EAEDE00487C38 /* LaunchScreen.storyboard */,
				051FEA1A1F702EB90058CE04 /* stores.geojson */,
				05C3AF7F1F0EAEDE00487C38 /* Info.plist */,
				054C04691F68540F00F808B3 /* ThemePickerViewController.swift */,
				055BEA671F69FF59009FDB7A /* ThemeViewController.swift */,
				3ED066F41F945AF400809A8F /* Themes.swift */,
			);
			path = "mapbox-store-locator";
			sourceTree = "<group>";
		};
		551AFFD6D3983E5AA124B23E /* Frameworks */ = {
			isa = PBXGroup;
			children = (
				44CF26D8F5935AFCDEB60952 /* Pods_duplo.framework */,
				9E9A8A8A9EFD4BB0BE1583AE /* Pods_mapbox_store_locator.framework */,
			);
			name = Frameworks;
			sourceTree = "<group>";
		};
		C685C8389F3A3D722EAF16C4 /* Pods */ = {
			isa = PBXGroup;
			children = (
				4809A46BC4FF439C72568DEE /* Pods-duplo.debug.xcconfig */,
				8489407285016BE834F0A3EE /* Pods-duplo.release.xcconfig */,
				3D3800DC995FF2C533223ED2 /* Pods-mapbox-store-locator.debug.xcconfig */,
				26FDC7350F42E993155275F1 /* Pods-mapbox-store-locator.release.xcconfig */,
			);
			name = Pods;
			sourceTree = "<group>";
		};
/* End PBXGroup section */

/* Begin PBXNativeTarget section */
		0506EBAF2005A9F1001E33F5 /* mapbox-store-locator-tests */ = {
			isa = PBXNativeTarget;
			buildConfigurationList = 0506EBB92005A9F1001E33F5 /* Build configuration list for PBXNativeTarget "mapbox-store-locator-tests" */;
			buildPhases = (
				0506EBAC2005A9F1001E33F5 /* Sources */,
				0506EBAD2005A9F1001E33F5 /* Frameworks */,
				0506EBAE2005A9F1001E33F5 /* Resources */,
			);
			buildRules = (
			);
			dependencies = (
				0506EBB62005A9F1001E33F5 /* PBXTargetDependency */,
			);
			name = "mapbox-store-locator-tests";
			productName = "mapbox-store-locator-tests";
			productReference = 0506EBB02005A9F1001E33F5 /* mapbox-store-locator-tests.xctest */;
			productType = "com.apple.product-type.bundle.unit-test";
		};
		05C3AF6F1F0EAEDE00487C38 /* mapbox-store-locator */ = {
			isa = PBXNativeTarget;
			buildConfigurationList = 05C3AF821F0EAEDE00487C38 /* Build configuration list for PBXNativeTarget "mapbox-store-locator" */;
			buildPhases = (
				4127D39306D9C1F7B0F5F729 /* [CP] Check Pods Manifest.lock */,
				05C3AF6C1F0EAEDE00487C38 /* Sources */,
				05C3AF6D1F0EAEDE00487C38 /* Frameworks */,
				05C3AF6E1F0EAEDE00487C38 /* Resources */,
				671088BE14F45BA2F4AAC292 /* [CP] Embed Pods Frameworks */,
			);
			buildRules = (
			);
			dependencies = (
			);
			name = "mapbox-store-locator";
			productName = duplo;
			productReference = 05C3AF701F0EAEDE00487C38 /* mapbox-store-locator.app */;
			productType = "com.apple.product-type.application";
		};
/* End PBXNativeTarget section */

/* Begin PBXProject section */
		05C3AF681F0EAEDE00487C38 /* Project object */ = {
			isa = PBXProject;
			attributes = {
				LastSwiftUpdateCheck = 0920;
				LastUpgradeCheck = 1130;
				ORGANIZATIONNAME = Mapbox;
				TargetAttributes = {
					0506EBAF2005A9F1001E33F5 = {
						CreatedOnToolsVersion = 9.2;
						DevelopmentTeam = GJZR2MEM28;
						ProvisioningStyle = Automatic;
						TestTargetID = 05C3AF6F1F0EAEDE00487C38;
					};
					05C3AF6F1F0EAEDE00487C38 = {
						CreatedOnToolsVersion = 8.3.3;
						ProvisioningStyle = Manual;
					};
				};
			};
			buildConfigurationList = 05C3AF6B1F0EAEDE00487C38 /* Build configuration list for PBXProject "mapbox-store-locator" */;
			compatibilityVersion = "Xcode 3.2";
			developmentRegion = en;
			hasScannedForEncodings = 0;
			knownRegions = (
				en,
				Base,
			);
			mainGroup = 05C3AF671F0EAEDE00487C38;
			productRefGroup = 05C3AF711F0EAEDE00487C38 /* Products */;
			projectDirPath = "";
			projectRoot = "";
			targets = (
				05C3AF6F1F0EAEDE00487C38 /* mapbox-store-locator */,
				0506EBAF2005A9F1001E33F5 /* mapbox-store-locator-tests */,
			);
		};
/* End PBXProject section */

/* Begin PBXResourcesBuildPhase section */
		0506EBAE2005A9F1001E33F5 /* Resources */ = {
			isa = PBXResourcesBuildPhase;
			buildActionMask = 2147483647;
			files = (
			);
			runOnlyForDeploymentPostprocessing = 0;
		};
		05C3AF6E1F0EAEDE00487C38 /* Resources */ = {
			isa = PBXResourcesBuildPhase;
			buildActionMask = 2147483647;
			files = (
				051FEA1B1F703CC10058CE04 /* stores.geojson in Resources */,
				3E0959E01F8EE66B00C091CF /* CustomItemView.xib in Resources */,
				05ACD7AF1F6B5F79006C4649 /* Assets.xcassets in Resources */,
				05C3AF7E1F0EAEDE00487C38 /* LaunchScreen.storyboard in Resources */,
				05C3AF791F0EAEDE00487C38 /* Main.storyboard in Resources */,
			);
			runOnlyForDeploymentPostprocessing = 0;
		};
/* End PBXResourcesBuildPhase section */

/* Begin PBXShellScriptBuildPhase section */
		4127D39306D9C1F7B0F5F729 /* [CP] Check Pods Manifest.lock */ = {
			isa = PBXShellScriptBuildPhase;
			buildActionMask = 2147483647;
			files = (
			);
			inputPaths = (
				"${PODS_PODFILE_DIR_PATH}/Podfile.lock",
				"${PODS_ROOT}/Manifest.lock",
			);
			name = "[CP] Check Pods Manifest.lock";
			outputPaths = (
				"$(DERIVED_FILE_DIR)/Pods-mapbox-store-locator-checkManifestLockResult.txt",
			);
			runOnlyForDeploymentPostprocessing = 0;
			shellPath = /bin/sh;
			shellScript = "diff \"${PODS_PODFILE_DIR_PATH}/Podfile.lock\" \"${PODS_ROOT}/Manifest.lock\" > /dev/null\nif [ $? != 0 ] ; then\n    # print error to STDERR\n    echo \"error: The sandbox is not in sync with the Podfile.lock. Run 'pod install' or update your CocoaPods installation.\" >&2\n    exit 1\nfi\n# This output is used by Xcode 'outputs' to avoid re-running this script phase.\necho \"SUCCESS\" > \"${SCRIPT_OUTPUT_FILE_0}\"\n";
			showEnvVarsInLog = 0;
		};
		671088BE14F45BA2F4AAC292 /* [CP] Embed Pods Frameworks */ = {
			isa = PBXShellScriptBuildPhase;
			buildActionMask = 2147483647;
			files = (
			);
			inputPaths = (
				"${PODS_ROOT}/Target Support Files/Pods-mapbox-store-locator/Pods-mapbox-store-locator-frameworks.sh",
				"${PODS_ROOT}/Mapbox-iOS-SDK/dynamic/Mapbox.framework",
				"${PODS_ROOT}/Mapbox-iOS-SDK/dynamic/Mapbox.framework.dSYM",
				"${PODS_ROOT}/Mapbox-iOS-SDK/dynamic/66495660-FF2A-3226-B17F-5CC56D59F501.bcsymbolmap",
				"${PODS_ROOT}/Mapbox-iOS-SDK/dynamic/DF79E105-5E91-37A1-A739-B7930EE5C180.bcsymbolmap",
				"${BUILT_PRODUCTS_DIR}/MapboxDirections.swift/MapboxDirections.framework",
				"${BUILT_PRODUCTS_DIR}/Polyline/Polyline.framework",
			);
			name = "[CP] Embed Pods Frameworks";
			outputPaths = (
				"${TARGET_BUILD_DIR}/${FRAMEWORKS_FOLDER_PATH}/Mapbox.framework",
				"${DWARF_DSYM_FOLDER_PATH}/Mapbox.framework.dSYM",
				"${BUILT_PRODUCTS_DIR}/66495660-FF2A-3226-B17F-5CC56D59F501.bcsymbolmap",
				"${BUILT_PRODUCTS_DIR}/DF79E105-5E91-37A1-A739-B7930EE5C180.bcsymbolmap",
				"${TARGET_BUILD_DIR}/${FRAMEWORKS_FOLDER_PATH}/MapboxDirections.framework",
				"${TARGET_BUILD_DIR}/${FRAMEWORKS_FOLDER_PATH}/Polyline.framework",
			);
			runOnlyForDeploymentPostprocessing = 0;
			shellPath = /bin/sh;
			shellScript = "\"${PODS_ROOT}/Target Support Files/Pods-mapbox-store-locator/Pods-mapbox-store-locator-frameworks.sh\"\n";
			showEnvVarsInLog = 0;
		};
/* End PBXShellScriptBuildPhase section */

/* Begin PBXSourcesBuildPhase section */
		0506EBAC2005A9F1001E33F5 /* Sources */ = {
			isa = PBXSourcesBuildPhase;
			buildActionMask = 2147483647;
			files = (
				0506EBB32005A9F1001E33F5 /* mapbox_store_locator_tests.swift in Sources */,
			);
			runOnlyForDeploymentPostprocessing = 0;
		};
		05C3AF6C1F0EAEDE00487C38 /* Sources */ = {
			isa = PBXSourcesBuildPhase;
			buildActionMask = 2147483647;
			files = (
				054C046A1F68540F00F808B3 /* ThemePickerViewController.swift in Sources */,
				3ED066F51F945AF400809A8F /* Themes.swift in Sources */,
				055BEA681F69FF59009FDB7A /* ThemeViewController.swift in Sources */,
				05C3AF741F0EAEDE00487C38 /* AppDelegate.swift in Sources */,
			);
			runOnlyForDeploymentPostprocessing = 0;
		};
/* End PBXSourcesBuildPhase section */

/* Begin PBXTargetDependency section */
		0506EBB62005A9F1001E33F5 /* PBXTargetDependency */ = {
			isa = PBXTargetDependency;
			target = 05C3AF6F1F0EAEDE00487C38 /* mapbox-store-locator */;
			targetProxy = 0506EBB52005A9F1001E33F5 /* PBXContainerItemProxy */;
		};
/* End PBXTargetDependency section */

/* Begin PBXVariantGroup section */
		05C3AF771F0EAEDE00487C38 /* Main.storyboard */ = {
			isa = PBXVariantGroup;
			children = (
				05C3AF781F0EAEDE00487C38 /* Base */,
			);
			name = Main.storyboard;
			sourceTree = "<group>";
		};
		05C3AF7C1F0EAEDE00487C38 /* LaunchScreen.storyboard */ = {
			isa = PBXVariantGroup;
			children = (
				05C3AF7D1F0EAEDE00487C38 /* Base */,
			);
			name = LaunchScreen.storyboard;
			sourceTree = "<group>";
		};
/* End PBXVariantGroup section */

/* Begin XCBuildConfiguration section */
		0506EBB72005A9F1001E33F5 /* Debug */ = {
			isa = XCBuildConfiguration;
			buildSettings = {
				BUNDLE_LOADER = "$(TEST_HOST)";
				CLANG_CXX_LANGUAGE_STANDARD = "gnu++14";
				CLANG_WARN_BLOCK_CAPTURE_AUTORELEASING = YES;
				CLANG_WARN_COMMA = YES;
				CLANG_WARN_NON_LITERAL_NULL_CONVERSION = YES;
				CLANG_WARN_OBJC_LITERAL_CONVERSION = YES;
				CLANG_WARN_RANGE_LOOP_ANALYSIS = YES;
				CLANG_WARN_STRICT_PROTOTYPES = YES;
				CLANG_WARN_UNGUARDED_AVAILABILITY = YES_AGGRESSIVE;
				CODE_SIGN_IDENTITY = "iPhone Developer";
				CODE_SIGN_STYLE = Automatic;
				DEVELOPMENT_TEAM = GJZR2MEM28;
				GCC_C_LANGUAGE_STANDARD = gnu11;
				INFOPLIST_FILE = "mapbox-store-locator-tests/Info.plist";
				IPHONEOS_DEPLOYMENT_TARGET = 11.2;
				LD_RUNPATH_SEARCH_PATHS = "$(inherited) @executable_path/Frameworks @loader_path/Frameworks";
				PRODUCT_BUNDLE_IDENTIFIER = "com.mapbox.mapbox-store-locator-tests";
				PRODUCT_NAME = "$(TARGET_NAME)";
				SWIFT_VERSION = 5.0;
				TARGETED_DEVICE_FAMILY = "1,2";
				TEST_HOST = "$(BUILT_PRODUCTS_DIR)/mapbox-store-locator.app/mapbox-store-locator";
			};
			name = Debug;
		};
		0506EBB82005A9F1001E33F5 /* Release */ = {
			isa = XCBuildConfiguration;
			buildSettings = {
				BUNDLE_LOADER = "$(TEST_HOST)";
				CLANG_CXX_LANGUAGE_STANDARD = "gnu++14";
				CLANG_WARN_BLOCK_CAPTURE_AUTORELEASING = YES;
				CLANG_WARN_COMMA = YES;
				CLANG_WARN_NON_LITERAL_NULL_CONVERSION = YES;
				CLANG_WARN_OBJC_LITERAL_CONVERSION = YES;
				CLANG_WARN_RANGE_LOOP_ANALYSIS = YES;
				CLANG_WARN_STRICT_PROTOTYPES = YES;
				CLANG_WARN_UNGUARDED_AVAILABILITY = YES_AGGRESSIVE;
				CODE_SIGN_IDENTITY = "iPhone Developer";
				CODE_SIGN_STYLE = Automatic;
				DEVELOPMENT_TEAM = GJZR2MEM28;
				GCC_C_LANGUAGE_STANDARD = gnu11;
				INFOPLIST_FILE = "mapbox-store-locator-tests/Info.plist";
				IPHONEOS_DEPLOYMENT_TARGET = 11.2;
				LD_RUNPATH_SEARCH_PATHS = "$(inherited) @executable_path/Frameworks @loader_path/Frameworks";
				PRODUCT_BUNDLE_IDENTIFIER = "com.mapbox.mapbox-store-locator-tests";
				PRODUCT_NAME = "$(TARGET_NAME)";
				SWIFT_VERSION = 5.0;
				TARGETED_DEVICE_FAMILY = "1,2";
				TEST_HOST = "$(BUILT_PRODUCTS_DIR)/mapbox-store-locator.app/mapbox-store-locator";
			};
			name = Release;
		};
		05C3AF801F0EAEDE00487C38 /* Debug */ = {
			isa = XCBuildConfiguration;
			buildSettings = {
				ALWAYS_SEARCH_USER_PATHS = NO;
				CLANG_ANALYZER_LOCALIZABILITY_NONLOCALIZED = YES;
				CLANG_ANALYZER_NONNULL = YES;
				CLANG_ANALYZER_NUMBER_OBJECT_CONVERSION = YES_AGGRESSIVE;
				CLANG_CXX_LANGUAGE_STANDARD = "gnu++0x";
				CLANG_CXX_LIBRARY = "libc++";
				CLANG_ENABLE_MODULES = YES;
				CLANG_ENABLE_OBJC_ARC = YES;
				CLANG_WARN_BLOCK_CAPTURE_AUTORELEASING = YES;
				CLANG_WARN_BOOL_CONVERSION = YES;
				CLANG_WARN_COMMA = YES;
				CLANG_WARN_CONSTANT_CONVERSION = YES;
				CLANG_WARN_DEPRECATED_OBJC_IMPLEMENTATIONS = YES;
				CLANG_WARN_DIRECT_OBJC_ISA_USAGE = YES_ERROR;
				CLANG_WARN_DOCUMENTATION_COMMENTS = YES;
				CLANG_WARN_EMPTY_BODY = YES;
				CLANG_WARN_ENUM_CONVERSION = YES;
				CLANG_WARN_INFINITE_RECURSION = YES;
				CLANG_WARN_INT_CONVERSION = YES;
				CLANG_WARN_NON_LITERAL_NULL_CONVERSION = YES;
				CLANG_WARN_OBJC_IMPLICIT_RETAIN_SELF = YES;
				CLANG_WARN_OBJC_LITERAL_CONVERSION = YES;
				CLANG_WARN_OBJC_ROOT_CLASS = YES_ERROR;
				CLANG_WARN_RANGE_LOOP_ANALYSIS = YES;
				CLANG_WARN_STRICT_PROTOTYPES = YES;
				CLANG_WARN_SUSPICIOUS_MOVE = YES;
				CLANG_WARN_UNREACHABLE_CODE = YES;
				CLANG_WARN__DUPLICATE_METHOD_MATCH = YES;
				"CODE_SIGN_IDENTITY[sdk=iphoneos*]" = "iPhone Developer";
				COPY_PHASE_STRIP = NO;
				DEBUG_INFORMATION_FORMAT = dwarf;
				ENABLE_STRICT_OBJC_MSGSEND = YES;
				ENABLE_TESTABILITY = YES;
				GCC_C_LANGUAGE_STANDARD = gnu99;
				GCC_DYNAMIC_NO_PIC = NO;
				GCC_NO_COMMON_BLOCKS = YES;
				GCC_OPTIMIZATION_LEVEL = 0;
				GCC_PREPROCESSOR_DEFINITIONS = (
					"DEBUG=1",
					"$(inherited)",
				);
				GCC_WARN_64_TO_32_BIT_CONVERSION = YES;
				GCC_WARN_ABOUT_RETURN_TYPE = YES_ERROR;
				GCC_WARN_UNDECLARED_SELECTOR = YES;
				GCC_WARN_UNINITIALIZED_AUTOS = YES_AGGRESSIVE;
				GCC_WARN_UNUSED_FUNCTION = YES;
				GCC_WARN_UNUSED_VARIABLE = YES;
				IPHONEOS_DEPLOYMENT_TARGET = 10.3;
				MTL_ENABLE_DEBUG_INFO = YES;
				ONLY_ACTIVE_ARCH = YES;
				SDKROOT = iphoneos;
				SWIFT_ACTIVE_COMPILATION_CONDITIONS = DEBUG;
				SWIFT_OPTIMIZATION_LEVEL = "-Onone";
				SWIFT_VERSION = 4.2;
				TARGETED_DEVICE_FAMILY = "1,2";
			};
			name = Debug;
		};
		05C3AF811F0EAEDE00487C38 /* Release */ = {
			isa = XCBuildConfiguration;
			buildSettings = {
				ALWAYS_SEARCH_USER_PATHS = NO;
				CLANG_ANALYZER_LOCALIZABILITY_NONLOCALIZED = YES;
				CLANG_ANALYZER_NONNULL = YES;
				CLANG_ANALYZER_NUMBER_OBJECT_CONVERSION = YES_AGGRESSIVE;
				CLANG_CXX_LANGUAGE_STANDARD = "gnu++0x";
				CLANG_CXX_LIBRARY = "libc++";
				CLANG_ENABLE_MODULES = YES;
				CLANG_ENABLE_OBJC_ARC = YES;
				CLANG_WARN_BLOCK_CAPTURE_AUTORELEASING = YES;
				CLANG_WARN_BOOL_CONVERSION = YES;
				CLANG_WARN_COMMA = YES;
				CLANG_WARN_CONSTANT_CONVERSION = YES;
				CLANG_WARN_DEPRECATED_OBJC_IMPLEMENTATIONS = YES;
				CLANG_WARN_DIRECT_OBJC_ISA_USAGE = YES_ERROR;
				CLANG_WARN_DOCUMENTATION_COMMENTS = YES;
				CLANG_WARN_EMPTY_BODY = YES;
				CLANG_WARN_ENUM_CONVERSION = YES;
				CLANG_WARN_INFINITE_RECURSION = YES;
				CLANG_WARN_INT_CONVERSION = YES;
				CLANG_WARN_NON_LITERAL_NULL_CONVERSION = YES;
				CLANG_WARN_OBJC_IMPLICIT_RETAIN_SELF = YES;
				CLANG_WARN_OBJC_LITERAL_CONVERSION = YES;
				CLANG_WARN_OBJC_ROOT_CLASS = YES_ERROR;
				CLANG_WARN_RANGE_LOOP_ANALYSIS = YES;
				CLANG_WARN_STRICT_PROTOTYPES = YES;
				CLANG_WARN_SUSPICIOUS_MOVE = YES;
				CLANG_WARN_UNREACHABLE_CODE = YES;
				CLANG_WARN__DUPLICATE_METHOD_MATCH = YES;
				"CODE_SIGN_IDENTITY[sdk=iphoneos*]" = "iPhone Developer";
				COPY_PHASE_STRIP = NO;
				DEBUG_INFORMATION_FORMAT = "dwarf-with-dsym";
				ENABLE_NS_ASSERTIONS = NO;
				ENABLE_STRICT_OBJC_MSGSEND = YES;
				GCC_C_LANGUAGE_STANDARD = gnu99;
				GCC_NO_COMMON_BLOCKS = YES;
				GCC_WARN_64_TO_32_BIT_CONVERSION = YES;
				GCC_WARN_ABOUT_RETURN_TYPE = YES_ERROR;
				GCC_WARN_UNDECLARED_SELECTOR = YES;
				GCC_WARN_UNINITIALIZED_AUTOS = YES_AGGRESSIVE;
				GCC_WARN_UNUSED_FUNCTION = YES;
				GCC_WARN_UNUSED_VARIABLE = YES;
				IPHONEOS_DEPLOYMENT_TARGET = 10.3;
				MTL_ENABLE_DEBUG_INFO = NO;
				SDKROOT = iphoneos;
				SWIFT_OPTIMIZATION_LEVEL = "-Owholemodule";
				SWIFT_VERSION = 4.2;
				TARGETED_DEVICE_FAMILY = "1,2";
				VALIDATE_PRODUCT = YES;
			};
			name = Release;
		};
		05C3AF831F0EAEDE00487C38 /* Debug */ = {
			isa = XCBuildConfiguration;
			baseConfigurationReference = 3D3800DC995FF2C533223ED2 /* Pods-mapbox-store-locator.debug.xcconfig */;
			buildSettings = {
				ASSETCATALOG_COMPILER_APPICON_NAME = AppIcon;
				"CODE_SIGN_IDENTITY[sdk=iphoneos*]" = "iPhone Developer";
				CODE_SIGN_STYLE = Manual;
				DEVELOPMENT_TEAM = "";
				INFOPLIST_FILE = "$(SRCROOT)/mapbox-store-locator/Info.plist";
				IPHONEOS_DEPLOYMENT_TARGET = 9.0;
				LD_RUNPATH_SEARCH_PATHS = "$(inherited) @executable_path/Frameworks";
				PRODUCT_BUNDLE_IDENTIFIER = "mapbox-store-locator";
				PRODUCT_NAME = "$(TARGET_NAME)";
				PROVISIONING_PROFILE_SPECIFIER = "";
				SWIFT_VERSION = 5.0;
				TARGETED_DEVICE_FAMILY = 1;
			};
			name = Debug;
		};
		05C3AF841F0EAEDE00487C38 /* Release */ = {
			isa = XCBuildConfiguration;
			baseConfigurationReference = 26FDC7350F42E993155275F1 /* Pods-mapbox-store-locator.release.xcconfig */;
			buildSettings = {
				ASSETCATALOG_COMPILER_APPICON_NAME = AppIcon;
				"CODE_SIGN_IDENTITY[sdk=iphoneos*]" = "iPhone Developer";
				CODE_SIGN_STYLE = Manual;
				DEVELOPMENT_TEAM = "";
				INFOPLIST_FILE = "$(SRCROOT)/mapbox-store-locator/Info.plist";
				IPHONEOS_DEPLOYMENT_TARGET = 9.0;
				LD_RUNPATH_SEARCH_PATHS = "$(inherited) @executable_path/Frameworks";
				PRODUCT_BUNDLE_IDENTIFIER = "mapbox-store-locator";
				PRODUCT_NAME = "$(TARGET_NAME)";
				PROVISIONING_PROFILE_SPECIFIER = "";
				SWIFT_VERSION = 5.0;
				TARGETED_DEVICE_FAMILY = 1;
			};
			name = Release;
		};
/* End XCBuildConfiguration section */

/* Begin XCConfigurationList section */
		0506EBB92005A9F1001E33F5 /* Build configuration list for PBXNativeTarget "mapbox-store-locator-tests" */ = {
			isa = XCConfigurationList;
			buildConfigurations = (
				0506EBB72005A9F1001E33F5 /* Debug */,
				0506EBB82005A9F1001E33F5 /* Release */,
			);
			defaultConfigurationIsVisible = 0;
			defaultConfigurationName = Release;
		};
		05C3AF6B1F0EAEDE00487C38 /* Build configuration list for PBXProject "mapbox-store-locator" */ = {
			isa = XCConfigurationList;
			buildConfigurations = (
				05C3AF801F0EAEDE00487C38 /* Debug */,
				05C3AF811F0EAEDE00487C38 /* Release */,
			);
			defaultConfigurationIsVisible = 0;
			defaultConfigurationName = Release;
		};
		05C3AF821F0EAEDE00487C38 /* Build configuration list for PBXNativeTarget "mapbox-store-locator" */ = {
			isa = XCConfigurationList;
			buildConfigurations = (
				05C3AF831F0EAEDE00487C38 /* Debug */,
				05C3AF841F0EAEDE00487C38 /* Release */,
			);
			defaultConfigurationIsVisible = 0;
			defaultConfigurationName = Release;
		};
/* End XCConfigurationList section */
	};
	rootObject = 05C3AF681F0EAEDE00487C38 /* Project object */;
}
